{
  "name": "ez-db-json",
  "version": "1.0.2",
  "lockfileVersion": 2,
  "requires": true,
  "packages": {
    "": {
      "name": "ez-db-json",
      "version": "1.0.2",
      "license": "ISC",
      "dependencies": {
        "ez-db-json": "^1.0.2"
      },
      "devDependencies": {}
    },
    "node_modules/ez-db-json": {
      "version": "1.0.2",
      "resolved": "https://registry.npmjs.org/ez-db-json/-/ez-db-json-1.0.2.tgz",
      "integrity": "sha512-zqKLPIKQHVOC6RAxmEZMu5FqGESfqKje3j/LfNb+PTGS7QPA8TMLd5Iq0qLZVVv7slfQ3j4sHbsI+DixbxuJTQ==",
      "dependencies": {
        "ez-db-json": "^1.0.2"
      }
    }
  },
  "dependencies": {
    "ez-db-json": {
      "version": "1.0.2",
      "resolved": "https://registry.npmjs.org/ez-db-json/-/ez-db-json-1.0.2.tgz",
      "integrity": "sha512-zqKLPIKQHVOC6RAxmEZMu5FqGESfqKje3j/LfNb+PTGS7QPA8TMLd5Iq0qLZVVv7slfQ3j4sHbsI+DixbxuJTQ==",
      "requires": {
        "ez-db-json": "^1.0.2"
      }
    }
  }
}
